
Microsoft Visual Studio Solution File, Format Version 12.00
# Visual Studio Version 17
VisualStudioVersion = 17.8.34511.84
MinimumVisualStudioVersion = 10.0.40219.1
Project("{FAE04EC0-301F-11D3-BF4B-00C04F79EFBC}") = "MtgApi", "MtgApi\MtgApi.csproj", "{258ACB20-4243-4895-BEEB-9A712A6EF6BD}"
EndProject
Global
	GlobalSection(SolutionConfigurationPlatforms) = preSolution
		Debug|Any CPU = Debug|Any CPU
		Release|Any CPU = Release|Any CPU
	EndGlobalSection
	GlobalSection(ProjectConfigurationPlatforms) = postSolution
		{258ACB20-4243-4895-BEEB-9A712A6EF6BD}.Debug|Any CPU.ActiveCfg = Debug|Any CPU
		{258ACB20-4243-4895-BEEB-9A712A6EF6BD}.Debug|Any CPU.Build.0 = Debug|Any CPU
		{258ACB20-4243-4895-BEEB-9A712A6EF6BD}.Release|Any CPU.ActiveCfg = Release|Any CPU
		{258ACB20-4243-4895-BEEB-9A712A6EF6BD}.Release|Any CPU.Build.0 = Release|Any CPU
	EndGlobalSection
	GlobalSection(SolutionProperties) = preSolution
		HideSolutionNode = FALSE
	EndGlobalSection
	GlobalSection(ExtensibilityGlobals) = postSolution
		SolutionGuid = {B4F9194A-44F0-426D-A1F5-BBEE7B36AFAE}
	EndGlobalSection
EndGlobal
